
Microsoft Visual Studio Solution File, Format Version 12.00
# Visual Studio Version 16
VisualStudioVersion = 16.0.28803.352
MinimumVisualStudioVersion = 10.0.40219.1
Project("{FAE04EC0-301F-11D3-BF4B-00C04F79EFBC}") = "SabberStoneContract", "SabberStoneContract\SabberStoneContract.csproj", "{813A792A-8EA2-44AD-99CA-F03702A0F193}"
EndProject
Project("{FAE04EC0-301F-11D3-BF4B-00C04F79EFBC}") = "SabberStoneServer", "SabberStoneServer\SabberStoneServer.csproj", "{A3DDDE04-6BFE-40DF-8465-A2D8C7469C15}"
EndProject
Project("{FAE04EC0-301F-11D3-BF4B-00C04F79EFBC}") = "SabberStoneClient", "SabberStoneClient\SabberStoneClient.csproj", "{16BFEAC9-D90A-4A4D-83CE-1247629CB8DB}"
EndProject
Global
	GlobalSection(SolutionConfigurationPlatforms) = preSolution
		Debug|Any CPU = Debug|Any CPU
		Release|Any CPU = Release|Any CPU
	EndGlobalSection
	GlobalSection(ProjectConfigurationPlatforms) = postSolution
		{813A792A-8EA2-44AD-99CA-F03702A0F193}.Debug|Any CPU.ActiveCfg = Debug|Any CPU
		{813A792A-8EA2-44AD-99CA-F03702A0F193}.Debug|Any CPU.Build.0 = Debug|Any CPU
		{813A792A-8EA2-44AD-99CA-F03702A0F193}.Release|Any CPU.ActiveCfg = Release|Any CPU
		{813A792A-8EA2-44AD-99CA-F03702A0F193}.Release|Any CPU.Build.0 = Release|Any CPU
		{A3DDDE04-6BFE-40DF-8465-A2D8C7469C15}.Debug|Any CPU.ActiveCfg = Debug|Any CPU
		{A3DDDE04-6BFE-40DF-8465-A2D8C7469C15}.Debug|Any CPU.Build.0 = Debug|Any CPU
		{A3DDDE04-6BFE-40DF-8465-A2D8C7469C15}.Release|Any CPU.ActiveCfg = Release|Any CPU
		{A3DDDE04-6BFE-40DF-8465-A2D8C7469C15}.Release|Any CPU.Build.0 = Release|Any CPU
		{16BFEAC9-D90A-4A4D-83CE-1247629CB8DB}.Debug|Any CPU.ActiveCfg = Debug|Any CPU
		{16BFEAC9-D90A-4A4D-83CE-1247629CB8DB}.Debug|Any CPU.Build.0 = Debug|Any CPU
		{16BFEAC9-D90A-4A4D-83CE-1247629CB8DB}.Release|Any CPU.ActiveCfg = Release|Any CPU
		{16BFEAC9-D90A-4A4D-83CE-1247629CB8DB}.Release|Any CPU.Build.0 = Release|Any CPU
	EndGlobalSection
	GlobalSection(SolutionProperties) = preSolution
		HideSolutionNode = FALSE
	EndGlobalSection
	GlobalSection(ExtensibilityGlobals) = postSolution
		SolutionGuid = {26ADDA9B-6C44-41BA-B06E-91816D616198}
	EndGlobalSection
EndGlobal
